
Microsoft Visual Studio Solution File, Format Version 12.00
# Visual Studio Version 17
VisualStudioVersion = 17.14.36221.1
MinimumVisualStudioVersion = 10.0.40219.1
Project("{FAE04EC0-301F-11D3-BF4B-00C04F79EFBC}") = "3ISIP223_PogosyanWPF", "3ISIP223_PogosyanWPF\3ISIP223_PogosyanWPF.csproj", "{D6AD6737-1E35-4817-B023-3D0FE4BC3C6F}"
EndProject
Global
	GlobalSection(SolutionConfigurationPlatforms) = preSolution
		Debug|Any CPU = Debug|Any CPU
		Release|Any CPU = Release|Any CPU
	EndGlobalSection
	GlobalSection(ProjectConfigurationPlatforms) = postSolution
		{D6AD6737-1E35-4817-B023-3D0FE4BC3C6F}.Debug|Any CPU.ActiveCfg = Debug|Any CPU
		{D6AD6737-1E35-4817-B023-3D0FE4BC3C6F}.Debug|Any CPU.Build.0 = Debug|Any CPU
		{D6AD6737-1E35-4817-B023-3D0FE4BC3C6F}.Release|Any CPU.ActiveCfg = Release|Any CPU
		{D6AD6737-1E35-4817-B023-3D0FE4BC3C6F}.Release|Any CPU.Build.0 = Release|Any CPU
	EndGlobalSection
	GlobalSection(SolutionProperties) = preSolution
		HideSolutionNode = FALSE
	EndGlobalSection
	GlobalSection(ExtensibilityGlobals) = postSolution
		SolutionGuid = {72A0BBF6-54AF-4ACD-9168-855C94AFA141}
	EndGlobalSection
EndGlobal
